
Microsoft Visual Studio Solution File, Format Version 12.00
# Visual Studio Version 17
VisualStudioVersion = 17.14.36301.6 d17.14
MinimumVisualStudioVersion = 10.0.40219.1
Project("{FAE04EC0-301F-11D3-BF4B-00C04F79EFBC}") = "Topic 4 - Random Numbers", "Topic 4 - Random Numbers\Topic 4 - Random Numbers.csproj", "{6820A91E-3B5C-49ED-8E11-51EC7E3EED3A}"
EndProject
Global
	GlobalSection(SolutionConfigurationPlatforms) = preSolution
		Debug|Any CPU = Debug|Any CPU
		Release|Any CPU = Release|Any CPU
	EndGlobalSection
	GlobalSection(ProjectConfigurationPlatforms) = postSolution
		{6820A91E-3B5C-49ED-8E11-51EC7E3EED3A}.Debug|Any CPU.ActiveCfg = Debug|Any CPU
		{6820A91E-3B5C-49ED-8E11-51EC7E3EED3A}.Debug|Any CPU.Build.0 = Debug|Any CPU
		{6820A91E-3B5C-49ED-8E11-51EC7E3EED3A}.Release|Any CPU.ActiveCfg = Release|Any CPU
		{6820A91E-3B5C-49ED-8E11-51EC7E3EED3A}.Release|Any CPU.Build.0 = Release|Any CPU
	EndGlobalSection
	GlobalSection(SolutionProperties) = preSolution
		HideSolutionNode = FALSE
	EndGlobalSection
	GlobalSection(ExtensibilityGlobals) = postSolution
		SolutionGuid = {F3D3878C-8EA4-4D7B-AF1E-420B58CABDD2}
	EndGlobalSection
EndGlobal
